
Microsoft Visual Studio Solution File, Format Version 12.00
# Visual Studio Version 16
VisualStudioVersion = 16.0.30309.148
MinimumVisualStudioVersion = 10.0.40219.1
Project("{FAE04EC0-301F-11D3-BF4B-00C04F79EFBC}") = "ProductCatalog", "ProductCatalog\ProductCatalog.csproj", "{F52EEFC1-E841-4498-99B2-B787D088D49E}"
EndProject
Global
	GlobalSection(SolutionConfigurationPlatforms) = preSolution
		Debug|Any CPU = Debug|Any CPU
		Release|Any CPU = Release|Any CPU
	EndGlobalSection
	GlobalSection(ProjectConfigurationPlatforms) = postSolution
		{F52EEFC1-E841-4498-99B2-B787D088D49E}.Debug|Any CPU.ActiveCfg = Debug|Any CPU
		{F52EEFC1-E841-4498-99B2-B787D088D49E}.Debug|Any CPU.Build.0 = Debug|Any CPU
		{F52EEFC1-E841-4498-99B2-B787D088D49E}.Release|Any CPU.ActiveCfg = Release|Any CPU
		{F52EEFC1-E841-4498-99B2-B787D088D49E}.Release|Any CPU.Build.0 = Release|Any CPU
	EndGlobalSection
	GlobalSection(SolutionProperties) = preSolution
		HideSolutionNode = FALSE
	EndGlobalSection
	GlobalSection(ExtensibilityGlobals) = postSolution
		SolutionGuid = {8F5A7CFE-379F-4CBB-B547-443B6FCD7190}
	EndGlobalSection
EndGlobal
